{
  "name": "enwiki_cats_preprocessor",
  "version": "0.0.1",
  "lockfileVersion": 1,
  "requires": true,
  "dependencies": {
    "preprocess": {
      "version": "file:../preprocess",
      "requires": {
        "stemmer": "1.0.2"
      },
      "dependencies": {
        "stemmer": {
          "version": "1.0.2",
          "bundled": true
        }
      }
    }
  }
}
